
Microsoft Visual Studio Solution File, Format Version 12.00
# Visual Studio Version 16
VisualStudioVersion = 16.0.30330.147
MinimumVisualStudioVersion = 10.0.40219.1
Project("{FAE04EC0-301F-11D3-BF4B-00C04F79EFBC}") = "AppTarefa.UWP", "AppTarefa\AppTarefa.UWP\AppTarefa.UWP.csproj", "{BED78FC9-A670-4143-B9CD-EB0A2B4491AC}"
EndProject
Project("{FAE04EC0-301F-11D3-BF4B-00C04F79EFBC}") = "AppTarefa.Android", "AppTarefa\AppTarefa.Android\AppTarefa.Android.csproj", "{28B9263F-5627-4DFA-852A-481764173C2D}"
EndProject
Project("{FAE04EC0-301F-11D3-BF4B-00C04F79EFBC}") = "AppTarefa.iOS", "AppTarefa\AppTarefa.iOS\AppTarefa.iOS.csproj", "{55A38CC6-074B-4AC0-B1B3-0BCEA008F0A5}"
EndProject
Project("{FAE04EC0-301F-11D3-BF4B-00C04F79EFBC}") = "AppTarefa", "AppTarefa\AppTarefa\AppTarefa.csproj", "{01A13087-FE3A-4AC2-B64D-B064F9EFC093}"
EndProject
Global
	GlobalSection(SolutionConfigurationPlatforms) = preSolution
		Debug|Any CPU = Debug|Any CPU
		Debug|ARM = Debug|ARM
		Debug|iPhone = Debug|iPhone
		Debug|iPhoneSimulator = Debug|iPhoneSimulator
		Debug|x64 = Debug|x64
		Debug|x86 = Debug|x86
		Release|Any CPU = Release|Any CPU
		Release|ARM = Release|ARM
		Release|iPhone = Release|iPhone
		Release|iPhoneSimulator = Release|iPhoneSimulator
		Release|x64 = Release|x64
		Release|x86 = Release|x86
	EndGlobalSection
	GlobalSection(ProjectConfigurationPlatforms) = postSolution
		{BED78FC9-A670-4143-B9CD-EB0A2B4491AC}.Debug|Any CPU.ActiveCfg = Debug|x86
		{BED78FC9-A670-4143-B9CD-EB0A2B4491AC}.Debug|Any CPU.Build.0 = Debug|x86
		{BED78FC9-A670-4143-B9CD-EB0A2B4491AC}.Debug|Any CPU.Deploy.0 = Debug|x86
		{BED78FC9-A670-4143-B9CD-EB0A2B4491AC}.Debug|ARM.ActiveCfg = Debug|ARM
		{BED78FC9-A670-4143-B9CD-EB0A2B4491AC}.Debug|ARM.Build.0 = Debug|ARM
		{BED78FC9-A670-4143-B9CD-EB0A2B4491AC}.Debug|ARM.Deploy.0 = Debug|ARM
		{BED78FC9-A670-4143-B9CD-EB0A2B4491AC}.Debug|iPhone.ActiveCfg = Debug|x86
		{BED78FC9-A670-4143-B9CD-EB0A2B4491AC}.Debug|iPhone.Build.0 = Debug|x86
		{BED78FC9-A670-4143-B9CD-EB0A2B4491AC}.Debug|iPhone.Deploy.0 = Debug|x86
		{BED78FC9-A670-4143-B9CD-EB0A2B4491AC}.Debug|iPhoneSimulator.ActiveCfg = Debug|x86
		{BED78FC9-A670-4143-B9CD-EB0A2B4491AC}.Debug|iPhoneSimulator.Build.0 = Debug|x86
		{BED78FC9-A670-4143-B9CD-EB0A2B4491AC}.Debug|iPhoneSimulator.Deploy.0 = Debug|x86
		{BED78FC9-A670-4143-B9CD-EB0A2B4491AC}.Debug|x64.ActiveCfg = Debug|x64
		{BED78FC9-A670-4143-B9CD-EB0A2B4491AC}.Debug|x64.Build.0 = Debug|x64
		{BED78FC9-A670-4143-B9CD-EB0A2B4491AC}.Debug|x64.Deploy.0 = Debug|x64
		{BED78FC9-A670-4143-B9CD-EB0A2B4491AC}.Debug|x86.ActiveCfg = Debug|x86
		{BED78FC9-A670-4143-B9CD-EB0A2B4491AC}.Debug|x86.Build.0 = Debug|x86
		{BED78FC9-A670-4143-B9CD-EB0A2B4491AC}.Debug|x86.Deploy.0 = Debug|x86
		{BED78FC9-A670-4143-B9CD-EB0A2B4491AC}.Release|Any CPU.ActiveCfg = Release|x86
		{BED78FC9-A670-4143-B9CD-EB0A2B4491AC}.Release|Any CPU.Build.0 = Release|x86
		{BED78FC9-A670-4143-B9CD-EB0A2B4491AC}.Release|Any CPU.Deploy.0 = Release|x86
		{BED78FC9-A670-4143-B9CD-EB0A2B4491AC}.Release|ARM.ActiveCfg = Release|ARM
		{BED78FC9-A670-4143-B9CD-EB0A2B4491AC}.Release|ARM.Build.0 = Release|ARM
		{BED78FC9-A670-4143-B9CD-EB0A2B4491AC}.Release|ARM.Deploy.0 = Release|ARM
		{BED78FC9-A670-4143-B9CD-EB0A2B4491AC}.Release|iPhone.ActiveCfg = Release|x86
		{BED78FC9-A670-4143-B9CD-EB0A2B4491AC}.Release|iPhone.Build.0 = Release|x86
		{BED78FC9-A670-4143-B9CD-EB0A2B4491AC}.Release|iPhone.Deploy.0 = Release|x86
		{BED78FC9-A670-4143-B9CD-EB0A2B4491AC}.Release|iPhoneSimulator.ActiveCfg = Release|x86
		{BED78FC9-A670-4143-B9CD-EB0A2B4491AC}.Release|iPhoneSimulator.Build.0 = Release|x86
		{BED78FC9-A670-4143-B9CD-EB0A2B4491AC}.Release|iPhoneSimulator.Deploy.0 = Release|x86
		{BED78FC9-A670-4143-B9CD-EB0A2B4491AC}.Release|x64.ActiveCfg = Release|x64
		{BED78FC9-A670-4143-B9CD-EB0A2B4491AC}.Release|x64.Build.0 = Release|x64
		{BED78FC9-A670-4143-B9CD-EB0A2B4491AC}.Release|x64.Deploy.0 = Release|x64
		{BED78FC9-A670-4143-B9CD-EB0A2B4491AC}.Release|x86.ActiveCfg = Release|x86
		{BED78FC9-A670-4143-B9CD-EB0A2B4491AC}.Release|x86.Build.0 = Release|x86
		{BED78FC9-A670-4143-B9CD-EB0A2B4491AC}.Release|x86.Deploy.0 = Release|x86
		{28B9263F-5627-4DFA-852A-481764173C2D}.Debug|Any CPU.ActiveCfg = Debug|Any CPU
		{28B9263F-5627-4DFA-852A-481764173C2D}.Debug|Any CPU.Build.0 = Debug|Any CPU
		{28B9263F-5627-4DFA-852A-481764173C2D}.Debug|Any CPU.Deploy.0 = Debug|Any CPU
		{28B9263F-5627-4DFA-852A-481764173C2D}.Debug|ARM.ActiveCfg = Debug|Any CPU
		{28B9263F-5627-4DFA-852A-481764173C2D}.Debug|ARM.Build.0 = Debug|Any CPU
		{28B9263F-5627-4DFA-852A-481764173C2D}.Debug|ARM.Deploy.0 = Debug|Any CPU
		{28B9263F-5627-4DFA-852A-481764173C2D}.Debug|iPhone.ActiveCfg = Debug|Any CPU
		{28B9263F-5627-4DFA-852A-481764173C2D}.Debug|iPhone.Build.0 = Debug|Any CPU
		{28B9263F-5627-4DFA-852A-481764173C2D}.Debug|iPhone.Deploy.0 = Debug|Any CPU
		{28B9263F-5627-4DFA-852A-481764173C2D}.Debug|iPhoneSimulator.ActiveCfg = Debug|Any CPU
		{28B9263F-5627-4DFA-852A-481764173C2D}.Debug|iPhoneSimulator.Build.0 = Debug|Any CPU
		{28B9263F-5627-4DFA-852A-481764173C2D}.Debug|iPhoneSimulator.Deploy.0 = Debug|Any CPU
		{28B9263F-5627-4DFA-852A-481764173C2D}.Debug|x64.ActiveCfg = Debug|Any CPU
		{28B9263F-5627-4DFA-852A-481764173C2D}.Debug|x64.Build.0 = Debug|Any CPU
		{28B9263F-5627-4DFA-852A-481764173C2D}.Debug|x64.Deploy.0 = Debug|Any CPU
		{28B9263F-5627-4DFA-852A-481764173C2D}.Debug|x86.ActiveCfg = Debug|Any CPU
		{28B9263F-5627-4DFA-852A-481764173C2D}.Debug|x86.Build.0 = Debug|Any CPU
		{28B9263F-5627-4DFA-852A-481764173C2D}.Debug|x86.Deploy.0 = Debug|Any CPU
		{28B9263F-5627-4DFA-852A-481764173C2D}.Release|Any CPU.ActiveCfg = Release|Any CPU
		{28B9263F-5627-4DFA-852A-481764173C2D}.Release|Any CPU.Build.0 = Release|Any CPU
		{28B9263F-5627-4DFA-852A-481764173C2D}.Release|Any CPU.Deploy.0 = Release|Any CPU
		{28B9263F-5627-4DFA-852A-481764173C2D}.Release|ARM.ActiveCfg = Release|Any CPU
		{28B9263F-5627-4DFA-852A-481764173C2D}.Release|ARM.Build.0 = Release|Any CPU
		{28B9263F-5627-4DFA-852A-481764173C2D}.Release|ARM.Deploy.0 = Release|Any CPU
		{28B9263F-5627-4DFA-852A-481764173C2D}.Release|iPhone.ActiveCfg = Release|Any CPU
		{28B9263F-5627-4DFA-852A-481764173C2D}.Release|iPhone.Build.0 = Release|Any CPU
		{28B9263F-5627-4DFA-852A-481764173C2D}.Release|iPhone.Deploy.0 = Release|Any CPU
		{28B9263F-5627-4DFA-852A-481764173C2D}.Release|iPhoneSimulator.ActiveCfg = Release|Any CPU
		{28B9263F-5627-4DFA-852A-481764173C2D}.Release|iPhoneSimulator.Build.0 = Release|Any CPU
		{28B9263F-5627-4DFA-852A-481764173C2D}.Release|iPhoneSimulator.Deploy.0 = Release|Any CPU
		{28B9263F-5627-4DFA-852A-481764173C2D}.Release|x64.ActiveCfg = Release|Any CPU
		{28B9263F-5627-4DFA-852A-481764173C2D}.Release|x64.Build.0 = Release|Any CPU
		{28B9263F-5627-4DFA-852A-481764173C2D}.Release|x64.Deploy.0 = Release|Any CPU
		{28B9263F-5627-4DFA-852A-481764173C2D}.Release|x86.ActiveCfg = Release|Any CPU
		{28B9263F-5627-4DFA-852A-481764173C2D}.Release|x86.Build.0 = Release|Any CPU
		{28B9263F-5627-4DFA-852A-481764173C2D}.Release|x86.Deploy.0 = Release|Any CPU
		{55A38CC6-074B-4AC0-B1B3-0BCEA008F0A5}.Debug|Any CPU.ActiveCfg = Debug|iPhone
		{55A38CC6-074B-4AC0-B1B3-0BCEA008F0A5}.Debug|Any CPU.Build.0 = Debug|iPhone
		{55A38CC6-074B-4AC0-B1B3-0BCEA008F0A5}.Debug|Any CPU.Deploy.0 = Debug|iPhone
		{55A38CC6-074B-4AC0-B1B3-0BCEA008F0A5}.Debug|ARM.ActiveCfg = Debug|iPhone
		{55A38CC6-074B-4AC0-B1B3-0BCEA008F0A5}.Debug|ARM.Build.0 = Debug|iPhone
		{55A38CC6-074B-4AC0-B1B3-0BCEA008F0A5}.Debug|ARM.Deploy.0 = Debug|iPhone
		{55A38CC6-074B-4AC0-B1B3-0BCEA008F0A5}.Debug|iPhone.ActiveCfg = Debug|iPhone
		{55A38CC6-074B-4AC0-B1B3-0BCEA008F0A5}.Debug|iPhone.Build.0 = Debug|iPhone
		{55A38CC6-074B-4AC0-B1B3-0BCEA008F0A5}.Debug|iPhone.Deploy.0 = Debug|iPhone
		{55A38CC6-074B-4AC0-B1B3-0BCEA008F0A5}.Debug|iPhoneSimulator.ActiveCfg = Debug|iPhoneSimulator
		{55A38CC6-074B-4AC0-B1B3-0BCEA008F0A5}.Debug|iPhoneSimulator.Build.0 = Debug|iPhoneSimulator
		{55A38CC6-074B-4AC0-B1B3-0BCEA008F0A5}.Debug|iPhoneSimulator.Deploy.0 = Debug|iPhoneSimulator
		{55A38CC6-074B-4AC0-B1B3-0BCEA008F0A5}.Debug|x64.ActiveCfg = Debug|iPhone
		{55A38CC6-074B-4AC0-B1B3-0BCEA008F0A5}.Debug|x64.Build.0 = Debug|iPhone
		{55A38CC6-074B-4AC0-B1B3-0BCEA008F0A5}.Debug|x64.Deploy.0 = Debug|iPhone
		{55A38CC6-074B-4AC0-B1B3-0BCEA008F0A5}.Debug|x86.ActiveCfg = Debug|iPhone
		{55A38CC6-074B-4AC0-B1B3-0BCEA008F0A5}.Debug|x86.Build.0 = Debug|iPhone
		{55A38CC6-074B-4AC0-B1B3-0BCEA008F0A5}.Debug|x86.Deploy.0 = Debug|iPhone
		{55A38CC6-074B-4AC0-B1B3-0BCEA008F0A5}.Release|Any CPU.ActiveCfg = Release|iPhone
		{55A38CC6-074B-4AC0-B1B3-0BCEA008F0A5}.Release|Any CPU.Build.0 = Release|iPhone
		{55A38CC6-074B-4AC0-B1B3-0BCEA008F0A5}.Release|Any CPU.Deploy.0 = Release|iPhone
		{55A38CC6-074B-4AC0-B1B3-0BCEA008F0A5}.Release|ARM.ActiveCfg = Release|iPhone
		{55A38CC6-074B-4AC0-B1B3-0BCEA008F0A5}.Release|ARM.Build.0 = Release|iPhone
		{55A38CC6-074B-4AC0-B1B3-0BCEA008F0A5}.Release|ARM.Deploy.0 = Release|iPhone
		{55A38CC6-074B-4AC0-B1B3-0BCEA008F0A5}.Release|iPhone.ActiveCfg = Release|iPhone
		{55A38CC6-074B-4AC0-B1B3-0BCEA008F0A5}.Release|iPhone.Build.0 = Release|iPhone
		{55A38CC6-074B-4AC0-B1B3-0BCEA008F0A5}.Release|iPhone.Deploy.0 = Release|iPhone
		{55A38CC6-074B-4AC0-B1B3-0BCEA008F0A5}.Release|iPhoneSimulator.ActiveCfg = Release|iPhoneSimulator
		{55A38CC6-074B-4AC0-B1B3-0BCEA008F0A5}.Release|iPhoneSimulator.Build.0 = Release|iPhoneSimulator
		{55A38CC6-074B-4AC0-B1B3-0BCEA008F0A5}.Release|iPhoneSimulator.Deploy.0 = Release|iPhoneSimulator
		{55A38CC6-074B-4AC0-B1B3-0BCEA008F0A5}.Release|x64.ActiveCfg = Release|iPhone
		{55A38CC6-074B-4AC0-B1B3-0BCEA008F0A5}.Release|x64.Build.0 = Release|iPhone
		{55A38CC6-074B-4AC0-B1B3-0BCEA008F0A5}.Release|x64.Deploy.0 = Release|iPhone
		{55A38CC6-074B-4AC0-B1B3-0BCEA008F0A5}.Release|x86.ActiveCfg = Release|iPhone
		{55A38CC6-074B-4AC0-B1B3-0BCEA008F0A5}.Release|x86.Build.0 = Release|iPhone
		{55A38CC6-074B-4AC0-B1B3-0BCEA008F0A5}.Release|x86.Deploy.0 = Release|iPhone
		{01A13087-FE3A-4AC2-B64D-B064F9EFC093}.Debug|Any CPU.ActiveCfg = Debug|Any CPU
		{01A13087-FE3A-4AC2-B64D-B064F9EFC093}.Debug|Any CPU.Build.0 = Debug|Any CPU
		{01A13087-FE3A-4AC2-B64D-B064F9EFC093}.Debug|Any CPU.Deploy.0 = Debug|Any CPU
		{01A13087-FE3A-4AC2-B64D-B064F9EFC093}.Debug|ARM.ActiveCfg = Debug|Any CPU
		{01A13087-FE3A-4AC2-B64D-B064F9EFC093}.Debug|ARM.Build.0 = Debug|Any CPU
		{01A13087-FE3A-4AC2-B64D-B064F9EFC093}.Debug|ARM.Deploy.0 = Debug|Any CPU
		{01A13087-FE3A-4AC2-B64D-B064F9EFC093}.Debug|iPhone.ActiveCfg = Debug|Any CPU
		{01A13087-FE3A-4AC2-B64D-B064F9EFC093}.Debug|iPhone.Build.0 = Debug|Any CPU
		{01A13087-FE3A-4AC2-B64D-B064F9EFC093}.Debug|iPhone.Deploy.0 = Debug|Any CPU
		{01A13087-FE3A-4AC2-B64D-B064F9EFC093}.Debug|iPhoneSimulator.ActiveCfg = Debug|Any CPU
		{01A13087-FE3A-4AC2-B64D-B064F9EFC093}.Debug|iPhoneSimulator.Build.0 = Debug|Any CPU
		{01A13087-FE3A-4AC2-B64D-B064F9EFC093}.Debug|iPhoneSimulator.Deploy.0 = Debug|Any CPU
		{01A13087-FE3A-4AC2-B64D-B064F9EFC093}.Debug|x64.ActiveCfg = Debug|Any CPU
		{01A13087-FE3A-4AC2-B64D-B064F9EFC093}.Debug|x64.Build.0 = Debug|Any CPU
		{01A13087-FE3A-4AC2-B64D-B064F9EFC093}.Debug|x64.Deploy.0 = Debug|Any CPU
		{01A13087-FE3A-4AC2-B64D-B064F9EFC093}.Debug|x86.ActiveCfg = Debug|Any CPU
		{01A13087-FE3A-4AC2-B64D-B064F9EFC093}.Debug|x86.Build.0 = Debug|Any CPU
		{01A13087-FE3A-4AC2-B64D-B064F9EFC093}.Debug|x86.Deploy.0 = Debug|Any CPU
		{01A13087-FE3A-4AC2-B64D-B064F9EFC093}.Release|Any CPU.ActiveCfg = Release|Any CPU
		{01A13087-FE3A-4AC2-B64D-B064F9EFC093}.Release|Any CPU.Build.0 = Release|Any CPU
		{01A13087-FE3A-4AC2-B64D-B064F9EFC093}.Release|Any CPU.Deploy.0 = Release|Any CPU
		{01A13087-FE3A-4AC2-B64D-B064F9EFC093}.Release|ARM.ActiveCfg = Release|Any CPU
		{01A13087-FE3A-4AC2-B64D-B064F9EFC093}.Release|ARM.Build.0 = Release|Any CPU
		{01A13087-FE3A-4AC2-B64D-B064F9EFC093}.Release|ARM.Deploy.0 = Release|Any CPU
		{01A13087-FE3A-4AC2-B64D-B064F9EFC093}.Release|iPhone.ActiveCfg = Release|Any CPU
		{01A13087-FE3A-4AC2-B64D-B064F9EFC093}.Release|iPhone.Build.0 = Release|Any CPU
		{01A13087-FE3A-4AC2-B64D-B064F9EFC093}.Release|iPhone.Deploy.0 = Release|Any CPU
		{01A13087-FE3A-4AC2-B64D-B064F9EFC093}.Release|iPhoneSimulator.ActiveCfg = Release|Any CPU
		{01A13087-FE3A-4AC2-B64D-B064F9EFC093}.Release|iPhoneSimulator.Build.0 = Release|Any CPU
		{01A13087-FE3A-4AC2-B64D-B064F9EFC093}.Release|iPhoneSimulator.Deploy.0 = Release|Any CPU
		{01A13087-FE3A-4AC2-B64D-B064F9EFC093}.Release|x64.ActiveCfg = Release|Any CPU
		{01A13087-FE3A-4AC2-B64D-B064F9EFC093}.Release|x64.Build.0 = Release|Any CPU
		{01A13087-FE3A-4AC2-B64D-B064F9EFC093}.Release|x64.Deploy.0 = Release|Any CPU
		{01A13087-FE3A-4AC2-B64D-B064F9EFC093}.Release|x86.ActiveCfg = Release|Any CPU
		{01A13087-FE3A-4AC2-B64D-B064F9EFC093}.Release|x86.Build.0 = Release|Any CPU
		{01A13087-FE3A-4AC2-B64D-B064F9EFC093}.Release|x86.Deploy.0 = Release|Any CPU
	EndGlobalSection
	GlobalSection(SolutionProperties) = preSolution
		HideSolutionNode = FALSE
	EndGlobalSection
	GlobalSection(ExtensibilityGlobals) = postSolution
		SolutionGuid = {D54CEF6E-EF14-45F0-A70F-2CD89B3D044F}
	EndGlobalSection
EndGlobal
