
Microsoft Visual Studio Solution File, Format Version 12.00
# Visual Studio Version 16
VisualStudioVersion = 16.0.30330.147
MinimumVisualStudioVersion = 10.0.40219.1
Project("{FAE04EC0-301F-11D3-BF4B-00C04F79EFBC}") = "AppGallery.UWP", "AppGallery\AppGallery.UWP\AppGallery.UWP.csproj", "{B1760674-F1BC-4AE0-932E-88166C8DFDBB}"
EndProject
Project("{FAE04EC0-301F-11D3-BF4B-00C04F79EFBC}") = "AppGallery.Android", "AppGallery\AppGallery.Android\AppGallery.Android.csproj", "{0C371558-E6CB-41AF-A157-38026CC3CC04}"
EndProject
Project("{FAE04EC0-301F-11D3-BF4B-00C04F79EFBC}") = "AppGallery.iOS", "AppGallery\AppGallery.iOS\AppGallery.iOS.csproj", "{DCA23DEC-B531-4890-BBC7-93B8C2C74E7E}"
EndProject
Project("{FAE04EC0-301F-11D3-BF4B-00C04F79EFBC}") = "AppGallery", "AppGallery\AppGallery\AppGallery.csproj", "{3CACFB26-C726-45A4-B665-8848C99DB66A}"
EndProject
Global
	GlobalSection(SolutionConfigurationPlatforms) = preSolution
		Debug|Any CPU = Debug|Any CPU
		Debug|ARM = Debug|ARM
		Debug|iPhone = Debug|iPhone
		Debug|iPhoneSimulator = Debug|iPhoneSimulator
		Debug|x64 = Debug|x64
		Debug|x86 = Debug|x86
		Release|Any CPU = Release|Any CPU
		Release|ARM = Release|ARM
		Release|iPhone = Release|iPhone
		Release|iPhoneSimulator = Release|iPhoneSimulator
		Release|x64 = Release|x64
		Release|x86 = Release|x86
	EndGlobalSection
	GlobalSection(ProjectConfigurationPlatforms) = postSolution
		{B1760674-F1BC-4AE0-932E-88166C8DFDBB}.Debug|Any CPU.ActiveCfg = Debug|x86
		{B1760674-F1BC-4AE0-932E-88166C8DFDBB}.Debug|Any CPU.Build.0 = Debug|x86
		{B1760674-F1BC-4AE0-932E-88166C8DFDBB}.Debug|Any CPU.Deploy.0 = Debug|x86
		{B1760674-F1BC-4AE0-932E-88166C8DFDBB}.Debug|ARM.ActiveCfg = Debug|ARM
		{B1760674-F1BC-4AE0-932E-88166C8DFDBB}.Debug|ARM.Build.0 = Debug|ARM
		{B1760674-F1BC-4AE0-932E-88166C8DFDBB}.Debug|ARM.Deploy.0 = Debug|ARM
		{B1760674-F1BC-4AE0-932E-88166C8DFDBB}.Debug|iPhone.ActiveCfg = Debug|x86
		{B1760674-F1BC-4AE0-932E-88166C8DFDBB}.Debug|iPhone.Build.0 = Debug|x86
		{B1760674-F1BC-4AE0-932E-88166C8DFDBB}.Debug|iPhone.Deploy.0 = Debug|x86
		{B1760674-F1BC-4AE0-932E-88166C8DFDBB}.Debug|iPhoneSimulator.ActiveCfg = Debug|x86
		{B1760674-F1BC-4AE0-932E-88166C8DFDBB}.Debug|iPhoneSimulator.Build.0 = Debug|x86
		{B1760674-F1BC-4AE0-932E-88166C8DFDBB}.Debug|iPhoneSimulator.Deploy.0 = Debug|x86
		{B1760674-F1BC-4AE0-932E-88166C8DFDBB}.Debug|x64.ActiveCfg = Debug|x64
		{B1760674-F1BC-4AE0-932E-88166C8DFDBB}.Debug|x64.Build.0 = Debug|x64
		{B1760674-F1BC-4AE0-932E-88166C8DFDBB}.Debug|x64.Deploy.0 = Debug|x64
		{B1760674-F1BC-4AE0-932E-88166C8DFDBB}.Debug|x86.ActiveCfg = Debug|x86
		{B1760674-F1BC-4AE0-932E-88166C8DFDBB}.Debug|x86.Build.0 = Debug|x86
		{B1760674-F1BC-4AE0-932E-88166C8DFDBB}.Debug|x86.Deploy.0 = Debug|x86
		{B1760674-F1BC-4AE0-932E-88166C8DFDBB}.Release|Any CPU.ActiveCfg = Release|x86
		{B1760674-F1BC-4AE0-932E-88166C8DFDBB}.Release|Any CPU.Build.0 = Release|x86
		{B1760674-F1BC-4AE0-932E-88166C8DFDBB}.Release|Any CPU.Deploy.0 = Release|x86
		{B1760674-F1BC-4AE0-932E-88166C8DFDBB}.Release|ARM.ActiveCfg = Release|ARM
		{B1760674-F1BC-4AE0-932E-88166C8DFDBB}.Release|ARM.Build.0 = Release|ARM
		{B1760674-F1BC-4AE0-932E-88166C8DFDBB}.Release|ARM.Deploy.0 = Release|ARM
		{B1760674-F1BC-4AE0-932E-88166C8DFDBB}.Release|iPhone.ActiveCfg = Release|x86
		{B1760674-F1BC-4AE0-932E-88166C8DFDBB}.Release|iPhone.Build.0 = Release|x86
		{B1760674-F1BC-4AE0-932E-88166C8DFDBB}.Release|iPhone.Deploy.0 = Release|x86
		{B1760674-F1BC-4AE0-932E-88166C8DFDBB}.Release|iPhoneSimulator.ActiveCfg = Release|x86
		{B1760674-F1BC-4AE0-932E-88166C8DFDBB}.Release|iPhoneSimulator.Build.0 = Release|x86
		{B1760674-F1BC-4AE0-932E-88166C8DFDBB}.Release|iPhoneSimulator.Deploy.0 = Release|x86
		{B1760674-F1BC-4AE0-932E-88166C8DFDBB}.Release|x64.ActiveCfg = Release|x64
		{B1760674-F1BC-4AE0-932E-88166C8DFDBB}.Release|x64.Build.0 = Release|x64
		{B1760674-F1BC-4AE0-932E-88166C8DFDBB}.Release|x64.Deploy.0 = Release|x64
		{B1760674-F1BC-4AE0-932E-88166C8DFDBB}.Release|x86.ActiveCfg = Release|x86
		{B1760674-F1BC-4AE0-932E-88166C8DFDBB}.Release|x86.Build.0 = Release|x86
		{B1760674-F1BC-4AE0-932E-88166C8DFDBB}.Release|x86.Deploy.0 = Release|x86
		{0C371558-E6CB-41AF-A157-38026CC3CC04}.Debug|Any CPU.ActiveCfg = Debug|Any CPU
		{0C371558-E6CB-41AF-A157-38026CC3CC04}.Debug|Any CPU.Build.0 = Debug|Any CPU
		{0C371558-E6CB-41AF-A157-38026CC3CC04}.Debug|Any CPU.Deploy.0 = Debug|Any CPU
		{0C371558-E6CB-41AF-A157-38026CC3CC04}.Debug|ARM.ActiveCfg = Debug|Any CPU
		{0C371558-E6CB-41AF-A157-38026CC3CC04}.Debug|ARM.Build.0 = Debug|Any CPU
		{0C371558-E6CB-41AF-A157-38026CC3CC04}.Debug|ARM.Deploy.0 = Debug|Any CPU
		{0C371558-E6CB-41AF-A157-38026CC3CC04}.Debug|iPhone.ActiveCfg = Debug|Any CPU
		{0C371558-E6CB-41AF-A157-38026CC3CC04}.Debug|iPhone.Build.0 = Debug|Any CPU
		{0C371558-E6CB-41AF-A157-38026CC3CC04}.Debug|iPhone.Deploy.0 = Debug|Any CPU
		{0C371558-E6CB-41AF-A157-38026CC3CC04}.Debug|iPhoneSimulator.ActiveCfg = Debug|Any CPU
		{0C371558-E6CB-41AF-A157-38026CC3CC04}.Debug|iPhoneSimulator.Build.0 = Debug|Any CPU
		{0C371558-E6CB-41AF-A157-38026CC3CC04}.Debug|iPhoneSimulator.Deploy.0 = Debug|Any CPU
		{0C371558-E6CB-41AF-A157-38026CC3CC04}.Debug|x64.ActiveCfg = Debug|Any CPU
		{0C371558-E6CB-41AF-A157-38026CC3CC04}.Debug|x64.Build.0 = Debug|Any CPU
		{0C371558-E6CB-41AF-A157-38026CC3CC04}.Debug|x64.Deploy.0 = Debug|Any CPU
		{0C371558-E6CB-41AF-A157-38026CC3CC04}.Debug|x86.ActiveCfg = Debug|Any CPU
		{0C371558-E6CB-41AF-A157-38026CC3CC04}.Debug|x86.Build.0 = Debug|Any CPU
		{0C371558-E6CB-41AF-A157-38026CC3CC04}.Debug|x86.Deploy.0 = Debug|Any CPU
		{0C371558-E6CB-41AF-A157-38026CC3CC04}.Release|Any CPU.ActiveCfg = Release|Any CPU
		{0C371558-E6CB-41AF-A157-38026CC3CC04}.Release|Any CPU.Build.0 = Release|Any CPU
		{0C371558-E6CB-41AF-A157-38026CC3CC04}.Release|Any CPU.Deploy.0 = Release|Any CPU
		{0C371558-E6CB-41AF-A157-38026CC3CC04}.Release|ARM.ActiveCfg = Release|Any CPU
		{0C371558-E6CB-41AF-A157-38026CC3CC04}.Release|ARM.Build.0 = Release|Any CPU
		{0C371558-E6CB-41AF-A157-38026CC3CC04}.Release|ARM.Deploy.0 = Release|Any CPU
		{0C371558-E6CB-41AF-A157-38026CC3CC04}.Release|iPhone.ActiveCfg = Release|Any CPU
		{0C371558-E6CB-41AF-A157-38026CC3CC04}.Release|iPhone.Build.0 = Release|Any CPU
		{0C371558-E6CB-41AF-A157-38026CC3CC04}.Release|iPhone.Deploy.0 = Release|Any CPU
		{0C371558-E6CB-41AF-A157-38026CC3CC04}.Release|iPhoneSimulator.ActiveCfg = Release|Any CPU
		{0C371558-E6CB-41AF-A157-38026CC3CC04}.Release|iPhoneSimulator.Build.0 = Release|Any CPU
		{0C371558-E6CB-41AF-A157-38026CC3CC04}.Release|iPhoneSimulator.Deploy.0 = Release|Any CPU
		{0C371558-E6CB-41AF-A157-38026CC3CC04}.Release|x64.ActiveCfg = Release|Any CPU
		{0C371558-E6CB-41AF-A157-38026CC3CC04}.Release|x64.Build.0 = Release|Any CPU
		{0C371558-E6CB-41AF-A157-38026CC3CC04}.Release|x64.Deploy.0 = Release|Any CPU
		{0C371558-E6CB-41AF-A157-38026CC3CC04}.Release|x86.ActiveCfg = Release|Any CPU
		{0C371558-E6CB-41AF-A157-38026CC3CC04}.Release|x86.Build.0 = Release|Any CPU
		{0C371558-E6CB-41AF-A157-38026CC3CC04}.Release|x86.Deploy.0 = Release|Any CPU
		{DCA23DEC-B531-4890-BBC7-93B8C2C74E7E}.Debug|Any CPU.ActiveCfg = Debug|iPhone
		{DCA23DEC-B531-4890-BBC7-93B8C2C74E7E}.Debug|Any CPU.Build.0 = Debug|iPhone
		{DCA23DEC-B531-4890-BBC7-93B8C2C74E7E}.Debug|Any CPU.Deploy.0 = Debug|iPhone
		{DCA23DEC-B531-4890-BBC7-93B8C2C74E7E}.Debug|ARM.ActiveCfg = Debug|iPhone
		{DCA23DEC-B531-4890-BBC7-93B8C2C74E7E}.Debug|ARM.Build.0 = Debug|iPhone
		{DCA23DEC-B531-4890-BBC7-93B8C2C74E7E}.Debug|ARM.Deploy.0 = Debug|iPhone
		{DCA23DEC-B531-4890-BBC7-93B8C2C74E7E}.Debug|iPhone.ActiveCfg = Debug|iPhone
		{DCA23DEC-B531-4890-BBC7-93B8C2C74E7E}.Debug|iPhone.Build.0 = Debug|iPhone
		{DCA23DEC-B531-4890-BBC7-93B8C2C74E7E}.Debug|iPhone.Deploy.0 = Debug|iPhone
		{DCA23DEC-B531-4890-BBC7-93B8C2C74E7E}.Debug|iPhoneSimulator.ActiveCfg = Debug|iPhoneSimulator
		{DCA23DEC-B531-4890-BBC7-93B8C2C74E7E}.Debug|iPhoneSimulator.Build.0 = Debug|iPhoneSimulator
		{DCA23DEC-B531-4890-BBC7-93B8C2C74E7E}.Debug|iPhoneSimulator.Deploy.0 = Debug|iPhoneSimulator
		{DCA23DEC-B531-4890-BBC7-93B8C2C74E7E}.Debug|x64.ActiveCfg = Debug|iPhone
		{DCA23DEC-B531-4890-BBC7-93B8C2C74E7E}.Debug|x64.Build.0 = Debug|iPhone
		{DCA23DEC-B531-4890-BBC7-93B8C2C74E7E}.Debug|x64.Deploy.0 = Debug|iPhone
		{DCA23DEC-B531-4890-BBC7-93B8C2C74E7E}.Debug|x86.ActiveCfg = Debug|iPhone
		{DCA23DEC-B531-4890-BBC7-93B8C2C74E7E}.Debug|x86.Build.0 = Debug|iPhone
		{DCA23DEC-B531-4890-BBC7-93B8C2C74E7E}.Debug|x86.Deploy.0 = Debug|iPhone
		{DCA23DEC-B531-4890-BBC7-93B8C2C74E7E}.Release|Any CPU.ActiveCfg = Release|iPhone
		{DCA23DEC-B531-4890-BBC7-93B8C2C74E7E}.Release|Any CPU.Build.0 = Release|iPhone
		{DCA23DEC-B531-4890-BBC7-93B8C2C74E7E}.Release|Any CPU.Deploy.0 = Release|iPhone
		{DCA23DEC-B531-4890-BBC7-93B8C2C74E7E}.Release|ARM.ActiveCfg = Release|iPhone
		{DCA23DEC-B531-4890-BBC7-93B8C2C74E7E}.Release|ARM.Build.0 = Release|iPhone
		{DCA23DEC-B531-4890-BBC7-93B8C2C74E7E}.Release|ARM.Deploy.0 = Release|iPhone
		{DCA23DEC-B531-4890-BBC7-93B8C2C74E7E}.Release|iPhone.ActiveCfg = Release|iPhone
		{DCA23DEC-B531-4890-BBC7-93B8C2C74E7E}.Release|iPhone.Build.0 = Release|iPhone
		{DCA23DEC-B531-4890-BBC7-93B8C2C74E7E}.Release|iPhone.Deploy.0 = Release|iPhone
		{DCA23DEC-B531-4890-BBC7-93B8C2C74E7E}.Release|iPhoneSimulator.ActiveCfg = Release|iPhoneSimulator
		{DCA23DEC-B531-4890-BBC7-93B8C2C74E7E}.Release|iPhoneSimulator.Build.0 = Release|iPhoneSimulator
		{DCA23DEC-B531-4890-BBC7-93B8C2C74E7E}.Release|iPhoneSimulator.Deploy.0 = Release|iPhoneSimulator
		{DCA23DEC-B531-4890-BBC7-93B8C2C74E7E}.Release|x64.ActiveCfg = Release|iPhone
		{DCA23DEC-B531-4890-BBC7-93B8C2C74E7E}.Release|x64.Build.0 = Release|iPhone
		{DCA23DEC-B531-4890-BBC7-93B8C2C74E7E}.Release|x64.Deploy.0 = Release|iPhone
		{DCA23DEC-B531-4890-BBC7-93B8C2C74E7E}.Release|x86.ActiveCfg = Release|iPhone
		{DCA23DEC-B531-4890-BBC7-93B8C2C74E7E}.Release|x86.Build.0 = Release|iPhone
		{DCA23DEC-B531-4890-BBC7-93B8C2C74E7E}.Release|x86.Deploy.0 = Release|iPhone
		{3CACFB26-C726-45A4-B665-8848C99DB66A}.Debug|Any CPU.ActiveCfg = Debug|Any CPU
		{3CACFB26-C726-45A4-B665-8848C99DB66A}.Debug|Any CPU.Build.0 = Debug|Any CPU
		{3CACFB26-C726-45A4-B665-8848C99DB66A}.Debug|Any CPU.Deploy.0 = Debug|Any CPU
		{3CACFB26-C726-45A4-B665-8848C99DB66A}.Debug|ARM.ActiveCfg = Debug|Any CPU
		{3CACFB26-C726-45A4-B665-8848C99DB66A}.Debug|ARM.Build.0 = Debug|Any CPU
		{3CACFB26-C726-45A4-B665-8848C99DB66A}.Debug|ARM.Deploy.0 = Debug|Any CPU
		{3CACFB26-C726-45A4-B665-8848C99DB66A}.Debug|iPhone.ActiveCfg = Debug|Any CPU
		{3CACFB26-C726-45A4-B665-8848C99DB66A}.Debug|iPhone.Build.0 = Debug|Any CPU
		{3CACFB26-C726-45A4-B665-8848C99DB66A}.Debug|iPhone.Deploy.0 = Debug|Any CPU
		{3CACFB26-C726-45A4-B665-8848C99DB66A}.Debug|iPhoneSimulator.ActiveCfg = Debug|Any CPU
		{3CACFB26-C726-45A4-B665-8848C99DB66A}.Debug|iPhoneSimulator.Build.0 = Debug|Any CPU
		{3CACFB26-C726-45A4-B665-8848C99DB66A}.Debug|iPhoneSimulator.Deploy.0 = Debug|Any CPU
		{3CACFB26-C726-45A4-B665-8848C99DB66A}.Debug|x64.ActiveCfg = Debug|Any CPU
		{3CACFB26-C726-45A4-B665-8848C99DB66A}.Debug|x64.Build.0 = Debug|Any CPU
		{3CACFB26-C726-45A4-B665-8848C99DB66A}.Debug|x64.Deploy.0 = Debug|Any CPU
		{3CACFB26-C726-45A4-B665-8848C99DB66A}.Debug|x86.ActiveCfg = Debug|Any CPU
		{3CACFB26-C726-45A4-B665-8848C99DB66A}.Debug|x86.Build.0 = Debug|Any CPU
		{3CACFB26-C726-45A4-B665-8848C99DB66A}.Debug|x86.Deploy.0 = Debug|Any CPU
		{3CACFB26-C726-45A4-B665-8848C99DB66A}.Release|Any CPU.ActiveCfg = Release|Any CPU
		{3CACFB26-C726-45A4-B665-8848C99DB66A}.Release|Any CPU.Build.0 = Release|Any CPU
		{3CACFB26-C726-45A4-B665-8848C99DB66A}.Release|Any CPU.Deploy.0 = Release|Any CPU
		{3CACFB26-C726-45A4-B665-8848C99DB66A}.Release|ARM.ActiveCfg = Release|Any CPU
		{3CACFB26-C726-45A4-B665-8848C99DB66A}.Release|ARM.Build.0 = Release|Any CPU
		{3CACFB26-C726-45A4-B665-8848C99DB66A}.Release|ARM.Deploy.0 = Release|Any CPU
		{3CACFB26-C726-45A4-B665-8848C99DB66A}.Release|iPhone.ActiveCfg = Release|Any CPU
		{3CACFB26-C726-45A4-B665-8848C99DB66A}.Release|iPhone.Build.0 = Release|Any CPU
		{3CACFB26-C726-45A4-B665-8848C99DB66A}.Release|iPhone.Deploy.0 = Release|Any CPU
		{3CACFB26-C726-45A4-B665-8848C99DB66A}.Release|iPhoneSimulator.ActiveCfg = Release|Any CPU
		{3CACFB26-C726-45A4-B665-8848C99DB66A}.Release|iPhoneSimulator.Build.0 = Release|Any CPU
		{3CACFB26-C726-45A4-B665-8848C99DB66A}.Release|iPhoneSimulator.Deploy.0 = Release|Any CPU
		{3CACFB26-C726-45A4-B665-8848C99DB66A}.Release|x64.ActiveCfg = Release|Any CPU
		{3CACFB26-C726-45A4-B665-8848C99DB66A}.Release|x64.Build.0 = Release|Any CPU
		{3CACFB26-C726-45A4-B665-8848C99DB66A}.Release|x64.Deploy.0 = Release|Any CPU
		{3CACFB26-C726-45A4-B665-8848C99DB66A}.Release|x86.ActiveCfg = Release|Any CPU
		{3CACFB26-C726-45A4-B665-8848C99DB66A}.Release|x86.Build.0 = Release|Any CPU
		{3CACFB26-C726-45A4-B665-8848C99DB66A}.Release|x86.Deploy.0 = Release|Any CPU
	EndGlobalSection
	GlobalSection(SolutionProperties) = preSolution
		HideSolutionNode = FALSE
	EndGlobalSection
	GlobalSection(ExtensibilityGlobals) = postSolution
		SolutionGuid = {8627A4E7-3C6E-409E-9D79-37B4E793AD8F}
	EndGlobalSection
EndGlobal
